// !$*UTF8*$!
{
	archiveVersion = 1;
	classes = {
	};
	objectVersion = 55;
	objects = {

/* Begin PBXBuildFile section */
		6E7FD7542A5725C400D942AE /* AppDelegate.swift in Sources */ = {isa = PBXBuildFile; fileRef = 6E7FD7532A5725C400D942AE /* AppDelegate.swift */; };
		6E7FD7562A5725C400D942AE /* SceneDelegate.swift in Sources */ = {isa = PBXBuildFile; fileRef = 6E7FD7552A5725C400D942AE /* SceneDelegate.swift */; };
		6E7FD7582A5725C400D942AE /* ViewController.swift in Sources */ = {isa = PBXBuildFile; fileRef = 6E7FD7572A5725C400D942AE /* ViewController.swift */; };
		6E7FD75B2A5725C400D942AE /* Main.storyboard in Resources */ = {isa = PBXBuildFile; fileRef = 6E7FD7592A5725C400D942AE /* Main.storyboard */; };
		6E7FD75D2A5725C900D942AE /* Assets.xcassets in Resources */ = {isa = PBXBuildFile; fileRef = 6E7FD75C2A5725C900D942AE /* Assets.xcassets */; };
		6E7FD7602A5725C900D942AE /* LaunchScreen.storyboard in Resources */ = {isa = PBXBuildFile; fileRef = 6E7FD75E2A5725C900D942AE /* LaunchScreen.storyboard */; };
		6EB654D92A7AEDDC00E3C4BB /* Question.swift in Sources */ = {isa = PBXBuildFile; fileRef = 6EB654D82A7AEDDC00E3C4BB /* Question.swift */; };
/* End PBXBuildFile section */

/* Begin PBXFileReference section */
		6E7FD7502A5725C400D942AE /* Quiz Quest.app */ = {isa = PBXFileReference; explicitFileType = wrapper.application; includeInIndex = 0; path = "Quiz Quest.app"; sourceTree = BUILT_PRODUCTS_DIR; };
		6E7FD7532A5725C400D942AE /* AppDelegate.swift */ = {isa = PBXFileReference; lastKnownFileType = sourcecode.swift; path = AppDelegate.swift; sourceTree = "<group>"; };
		6E7FD7552A5725C400D942AE /* SceneDelegate.swift */ = {isa = PBXFileReference; lastKnownFileType = sourcecode.swift; path = SceneDelegate.swift; sourceTree = "<group>"; };
		6E7FD7572A5725C400D942AE /* ViewController.swift */ = {isa = PBXFileReference; lastKnownFileType = sourcecode.swift; path = ViewController.swift; sourceTree = "<group>"; };
		6E7FD75A2A5725C400D942AE /* Base */ = {isa = PBXFileReference; lastKnownFileType = file.storyboard; name = Base; path = Base.lproj/Main.storyboard; sourceTree = "<group>"; };
		6E7FD75C2A5725C900D942AE /* Assets.xcassets */ = {isa = PBXFileReference; lastKnownFileType = folder.assetcatalog; path = Assets.xcassets; sourceTree = "<group>"; };
		6E7FD75F2A5725C900D942AE /* Base */ = {isa = PBXFileReference; lastKnownFileType = file.storyboard; name = Base; path = Base.lproj/LaunchScreen.storyboard; sourceTree = "<group>"; };
		6E7FD7612A5725C900D942AE /* Info.plist */ = {isa = PBXFileReference; lastKnownFileType = text.plist.xml; path = Info.plist; sourceTree = "<group>"; };
		6EB654D82A7AEDDC00E3C4BB /* Question.swift */ = {isa = PBXFileReference; lastKnownFileType = sourcecode.swift; path = Question.swift; sourceTree = "<group>"; };
/* End PBXFileReference section */

/* Begin PBXFrameworksBuildPhase section */
		6E7FD74D2A5725C400D942AE /* Frameworks */ = {
			isa = PBXFrameworksBuildPhase;
			buildActionMask = 2147483647;
			files = (
			);
			runOnlyForDeploymentPostprocessing = 0;
		};
/* End PBXFrameworksBuildPhase section */

/* Begin PBXGroup section */
		6E7FD7472A5725C400D942AE = {
			isa = PBXGroup;
			children = (
				6E7FD7522A5725C400D942AE /* Quiz Quest */,
				6E7FD7512A5725C400D942AE /* Products */,
			);
			sourceTree = "<group>";
		};
		6E7FD7512A5725C400D942AE /* Products */ = {
			isa = PBXGroup;
			children = (
				6E7FD7502A5725C400D942AE /* Quiz Quest.app */,
			);
			name = Products;
			sourceTree = "<group>";
		};
		6E7FD7522A5725C400D942AE /* Quiz Quest */ = {
			isa = PBXGroup;
			children = (
				6EB654D72A7AED6A00E3C4BB /* Controller */,
				6EB654D62A7AED6300E3C4BB /* View */,
				6EB654D52A7AED4300E3C4BB /* Model */,
				6E7FD7532A5725C400D942AE /* AppDelegate.swift */,
				6E7FD7552A5725C400D942AE /* SceneDelegate.swift */,
				6E7FD75C2A5725C900D942AE /* Assets.xcassets */,
				6E7FD75E2A5725C900D942AE /* LaunchScreen.storyboard */,
				6E7FD7612A5725C900D942AE /* Info.plist */,
			);
			path = "Quiz Quest";
			sourceTree = "<group>";
		};
		6EB654D52A7AED4300E3C4BB /* Model */ = {
			isa = PBXGroup;
			children = (
				6EB654D82A7AEDDC00E3C4BB /* Question.swift */,
			);
			path = Model;
			sourceTree = "<group>";
		};
		6EB654D62A7AED6300E3C4BB /* View */ = {
			isa = PBXGroup;
			children = (
				6E7FD7592A5725C400D942AE /* Main.storyboard */,
			);
			path = View;
			sourceTree = "<group>";
		};
		6EB654D72A7AED6A00E3C4BB /* Controller */ = {
			isa = PBXGroup;
			children = (
				6E7FD7572A5725C400D942AE /* ViewController.swift */,
			);
			path = Controller;
			sourceTree = "<group>";
		};
/* End PBXGroup section */

/* Begin PBXNativeTarget section */
		6E7FD74F2A5725C400D942AE /* Quiz Quest */ = {
			isa = PBXNativeTarget;
			buildConfigurationList = 6E7FD7642A5725C900D942AE /* Build configuration list for PBXNativeTarget "Quiz Quest" */;
			buildPhases = (
				6E7FD74C2A5725C400D942AE /* Sources */,
				6E7FD74D2A5725C400D942AE /* Frameworks */,
				6E7FD74E2A5725C400D942AE /* Resources */,
			);
			buildRules = (
			);
			dependencies = (
			);
			name = "Quiz Quest";
			productName = "Quiz Quest";
			productReference = 6E7FD7502A5725C400D942AE /* Quiz Quest.app */;
			productType = "com.apple.product-type.application";
		};
/* End PBXNativeTarget section */

/* Begin PBXProject section */
		6E7FD7482A5725C400D942AE /* Project object */ = {
			isa = PBXProject;
			attributes = {
				BuildIndependentTargetsInParallel = 1;
				LastSwiftUpdateCheck = 1320;
				LastUpgradeCheck = 1320;
				TargetAttributes = {
					6E7FD74F2A5725C400D942AE = {
						CreatedOnToolsVersion = 13.2.1;
					};
				};
			};
			buildConfigurationList = 6E7FD74B2A5725C400D942AE /* Build configuration list for PBXProject "Quiz Quest" */;
			compatibilityVersion = "Xcode 13.0";
			developmentRegion = en;
			hasScannedForEncodings = 0;
			knownRegions = (
				en,
				Base,
			);
			mainGroup = 6E7FD7472A5725C400D942AE;
			productRefGroup = 6E7FD7512A5725C400D942AE /* Products */;
			projectDirPath = "";
			projectRoot = "";
			targets = (
				6E7FD74F2A5725C400D942AE /* Quiz Quest */,
			);
		};
/* End PBXProject section */

/* Begin PBXResourcesBuildPhase section */
		6E7FD74E2A5725C400D942AE /* Resources */ = {
			isa = PBXResourcesBuildPhase;
			buildActionMask = 2147483647;
			files = (
				6E7FD7602A5725C900D942AE /* LaunchScreen.storyboard in Resources */,
				6E7FD75D2A5725C900D942AE /* Assets.xcassets in Resources */,
				6E7FD75B2A5725C400D942AE /* Main.storyboard in Resources */,
			);
			runOnlyForDeploymentPostprocessing = 0;
		};
/* End PBXResourcesBuildPhase section */

/* Begin PBXSourcesBuildPhase section */
		6E7FD74C2A5725C400D942AE /* Sources */ = {
			isa = PBXSourcesBuildPhase;
			buildActionMask = 2147483647;
			files = (
				6E7FD7582A5725C400D942AE /* ViewController.swift in Sources */,
				6EB654D92A7AEDDC00E3C4BB /* Question.swift in Sources */,
				6E7FD7542A5725C400D942AE /* AppDelegate.swift in Sources */,
				6E7FD7562A5725C400D942AE /* SceneDelegate.swift in Sources */,
			);
			runOnlyForDeploymentPostprocessing = 0;
		};
/* End PBXSourcesBuildPhase section */

/* Begin PBXVariantGroup section */
		6E7FD7592A5725C400D942AE /* Main.storyboard */ = {
			isa = PBXVariantGroup;
			children = (
				6E7FD75A2A5725C400D942AE /* Base */,
			);
			name = Main.storyboard;
			sourceTree = "<group>";
		};
		6E7FD75E2A5725C900D942AE /* LaunchScreen.storyboard */ = {
			isa = PBXVariantGroup;
			children = (
				6E7FD75F2A5725C900D942AE /* Base */,
			);
			name = LaunchScreen.storyboard;
			sourceTree = "<group>";
		};
/* End PBXVariantGroup section */

/* Begin XCBuildConfiguration section */
		6E7FD7622A5725C900D942AE /* Debug */ = {
			isa = XCBuildConfiguration;
			buildSettings = {
				ALWAYS_SEARCH_USER_PATHS = NO;
				CLANG_ANALYZER_NONNULL = YES;
				CLANG_ANALYZER_NUMBER_OBJECT_CONVERSION = YES_AGGRESSIVE;
				CLANG_CXX_LANGUAGE_STANDARD = "gnu++17";
				CLANG_CXX_LIBRARY = "libc++";
				CLANG_ENABLE_MODULES = YES;
				CLANG_ENABLE_OBJC_ARC = YES;
				CLANG_ENABLE_OBJC_WEAK = YES;
				CLANG_WARN_BLOCK_CAPTURE_AUTORELEASING = YES;
				CLANG_WARN_BOOL_CONVERSION = YES;
				CLANG_WARN_COMMA = YES;
				CLANG_WARN_CONSTANT_CONVERSION = YES;
				CLANG_WARN_DEPRECATED_OBJC_IMPLEMENTATIONS = YES;
				CLANG_WARN_DIRECT_OBJC_ISA_USAGE = YES_ERROR;
				CLANG_WARN_DOCUMENTATION_COMMENTS = YES;
				CLANG_WARN_EMPTY_BODY = YES;
				CLANG_WARN_ENUM_CONVERSION = YES;
				CLANG_WARN_INFINITE_RECURSION = YES;
				CLANG_WARN_INT_CONVERSION = YES;
				CLANG_WARN_NON_LITERAL_NULL_CONVERSION = YES;
				CLANG_WARN_OBJC_IMPLICIT_RETAIN_SELF = YES;
				CLANG_WARN_OBJC_LITERAL_CONVERSION = YES;
				CLANG_WARN_OBJC_ROOT_CLASS = YES_ERROR;
				CLANG_WARN_QUOTED_INCLUDE_IN_FRAMEWORK_HEADER = YES;
				CLANG_WARN_RANGE_LOOP_ANALYSIS = YES;
				CLANG_WARN_STRICT_PROTOTYPES = YES;
				CLANG_WARN_SUSPICIOUS_MOVE = YES;
				CLANG_WARN_UNGUARDED_AVAILABILITY = YES_AGGRESSIVE;
				CLANG_WARN_UNREACHABLE_CODE = YES;
				CLANG_WARN__DUPLICATE_METHOD_MATCH = YES;
				COPY_PHASE_STRIP = NO;
				DEBUG_INFORMATION_FORMAT = dwarf;
				ENABLE_STRICT_OBJC_MSGSEND = YES;
				ENABLE_TESTABILITY = YES;
				GCC_C_LANGUAGE_STANDARD = gnu11;
				GCC_DYNAMIC_NO_PIC = NO;
				GCC_NO_COMMON_BLOCKS = YES;
				GCC_OPTIMIZATION_LEVEL = 0;
				GCC_PREPROCESSOR_DEFINITIONS = (
					"DEBUG=1",
					"$(inherited)",
				);
				GCC_WARN_64_TO_32_BIT_CONVERSION = YES;
				GCC_WARN_ABOUT_RETURN_TYPE = YES_ERROR;
				GCC_WARN_UNDECLARED_SELECTOR = YES;
				GCC_WARN_UNINITIALIZED_AUTOS = YES_AGGRESSIVE;
				GCC_WARN_UNUSED_FUNCTION = YES;
				GCC_WARN_UNUSED_VARIABLE = YES;
				IPHONEOS_DEPLOYMENT_TARGET = 15.2;
				MTL_ENABLE_DEBUG_INFO = INCLUDE_SOURCE;
				MTL_FAST_MATH = YES;
				ONLY_ACTIVE_ARCH = YES;
				SDKROOT = iphoneos;
				SWIFT_ACTIVE_COMPILATION_CONDITIONS = DEBUG;
				SWIFT_OPTIMIZATION_LEVEL = "-Onone";
			};
			name = Debug;
		};
		6E7FD7632A5725C900D942AE /* Release */ = {
			isa = XCBuildConfiguration;
			buildSettings = {
				ALWAYS_SEARCH_USER_PATHS = NO;
				CLANG_ANALYZER_NONNULL = YES;
				CLANG_ANALYZER_NUMBER_OBJECT_CONVERSION = YES_AGGRESSIVE;
				CLANG_CXX_LANGUAGE_STANDARD = "gnu++17";
				CLANG_CXX_LIBRARY = "libc++";
				CLANG_ENABLE_MODULES = YES;
				CLANG_ENABLE_OBJC_ARC = YES;
				CLANG_ENABLE_OBJC_WEAK = YES;
				CLANG_WARN_BLOCK_CAPTURE_AUTORELEASING = YES;
				CLANG_WARN_BOOL_CONVERSION = YES;
				CLANG_WARN_COMMA = YES;
				CLANG_WARN_CONSTANT_CONVERSION = YES;
				CLANG_WARN_DEPRECATED_OBJC_IMPLEMENTATIONS = YES;
				CLANG_WARN_DIRECT_OBJC_ISA_USAGE = YES_ERROR;
				CLANG_WARN_DOCUMENTATION_COMMENTS = YES;
				CLANG_WARN_EMPTY_BODY = YES;
				CLANG_WARN_ENUM_CONVERSION = YES;
				CLANG_WARN_INFINITE_RECURSION = YES;
				CLANG_WARN_INT_CONVERSION = YES;
				CLANG_WARN_NON_LITERAL_NULL_CONVERSION = YES;
				CLANG_WARN_OBJC_IMPLICIT_RETAIN_SELF = YES;
				CLANG_WARN_OBJC_LITERAL_CONVERSION = YES;
				CLANG_WARN_OBJC_ROOT_CLASS = YES_ERROR;
				CLANG_WARN_QUOTED_INCLUDE_IN_FRAMEWORK_HEADER = YES;
				CLANG_WARN_RANGE_LOOP_ANALYSIS = YES;
				CLANG_WARN_STRICT_PROTOTYPES = YES;
				CLANG_WARN_SUSPICIOUS_MOVE = YES;
				CLANG_WARN_UNGUARDED_AVAILABILITY = YES_AGGRESSIVE;
				CLANG_WARN_UNREACHABLE_CODE = YES;
				CLANG_WARN__DUPLICATE_METHOD_MATCH = YES;
				COPY_PHASE_STRIP = NO;
				DEBUG_INFORMATION_FORMAT = "dwarf-with-dsym";
				ENABLE_NS_ASSERTIONS = NO;
				ENABLE_STRICT_OBJC_MSGSEND = YES;
				GCC_C_LANGUAGE_STANDARD = gnu11;
				GCC_NO_COMMON_BLOCKS = YES;
				GCC_WARN_64_TO_32_BIT_CONVERSION = YES;
				GCC_WARN_ABOUT_RETURN_TYPE = YES_ERROR;
				GCC_WARN_UNDECLARED_SELECTOR = YES;
				GCC_WARN_UNINITIALIZED_AUTOS = YES_AGGRESSIVE;
				GCC_WARN_UNUSED_FUNCTION = YES;
				GCC_WARN_UNUSED_VARIABLE = YES;
				IPHONEOS_DEPLOYMENT_TARGET = 15.2;
				MTL_ENABLE_DEBUG_INFO = NO;
				MTL_FAST_MATH = YES;
				SDKROOT = iphoneos;
				SWIFT_COMPILATION_MODE = wholemodule;
				SWIFT_OPTIMIZATION_LEVEL = "-O";
				VALIDATE_PRODUCT = YES;
			};
			name = Release;
		};
		6E7FD7652A5725C900D942AE /* Debug */ = {
			isa = XCBuildConfiguration;
			buildSettings = {
				ASSETCATALOG_COMPILER_APPICON_NAME = AppIcon;
				ASSETCATALOG_COMPILER_GLOBAL_ACCENT_COLOR_NAME = AccentColor;
				CODE_SIGN_STYLE = Automatic;
				CURRENT_PROJECT_VERSION = 1;
				GENERATE_INFOPLIST_FILE = YES;
				INFOPLIST_FILE = "Quiz Quest/Info.plist";
				INFOPLIST_KEY_UIApplicationSupportsIndirectInputEvents = YES;
				INFOPLIST_KEY_UILaunchStoryboardName = LaunchScreen;
				INFOPLIST_KEY_UIMainStoryboardFile = Main;
				INFOPLIST_KEY_UISupportedInterfaceOrientations_iPad = "UIInterfaceOrientationPortrait UIInterfaceOrientationPortraitUpsideDown UIInterfaceOrientationLandscapeLeft UIInterfaceOrientationLandscapeRight";
				INFOPLIST_KEY_UISupportedInterfaceOrientations_iPhone = "UIInterfaceOrientationPortrait UIInterfaceOrientationLandscapeLeft UIInterfaceOrientationLandscapeRight";
				LD_RUNPATH_SEARCH_PATHS = (
					"$(inherited)",
					"@executable_path/Frameworks",
				);
				MARKETING_VERSION = 1.0;
				PRODUCT_BUNDLE_IDENTIFIER = "basit-dev.Quiz-Quest";
				PRODUCT_NAME = "$(TARGET_NAME)";
				SWIFT_EMIT_LOC_STRINGS = YES;
				SWIFT_VERSION = 5.0;
				TARGETED_DEVICE_FAMILY = "1,2";
			};
			name = Debug;
		};
		6E7FD7662A5725C900D942AE /* Release */ = {
			isa = XCBuildConfiguration;
			buildSettings = {
				ASSETCATALOG_COMPILER_APPICON_NAME = AppIcon;
				ASSETCATALOG_COMPILER_GLOBAL_ACCENT_COLOR_NAME = AccentColor;
				CODE_SIGN_STYLE = Automatic;
				CURRENT_PROJECT_VERSION = 1;
				GENERATE_INFOPLIST_FILE = YES;
				INFOPLIST_FILE = "Quiz Quest/Info.plist";
				INFOPLIST_KEY_UIApplicationSupportsIndirectInputEvents = YES;
				INFOPLIST_KEY_UILaunchStoryboardName = LaunchScreen;
				INFOPLIST_KEY_UIMainStoryboardFile = Main;
				INFOPLIST_KEY_UISupportedInterfaceOrientations_iPad = "UIInterfaceOrientationPortrait UIInterfaceOrientationPortraitUpsideDown UIInterfaceOrientationLandscapeLeft UIInterfaceOrientationLandscapeRight";
				INFOPLIST_KEY_UISupportedInterfaceOrientations_iPhone = "UIInterfaceOrientationPortrait UIInterfaceOrientationLandscapeLeft UIInterfaceOrientationLandscapeRight";
				LD_RUNPATH_SEARCH_PATHS = (
					"$(inherited)",
					"@executable_path/Frameworks",
				);
				MARKETING_VERSION = 1.0;
				PRODUCT_BUNDLE_IDENTIFIER = "basit-dev.Quiz-Quest";
				PRODUCT_NAME = "$(TARGET_NAME)";
				SWIFT_EMIT_LOC_STRINGS = YES;
				SWIFT_VERSION = 5.0;
				TARGETED_DEVICE_FAMILY = "1,2";
			};
			name = Release;
		};
/* End XCBuildConfiguration section */

/* Begin XCConfigurationList section */
		6E7FD74B2A5725C400D942AE /* Build configuration list for PBXProject "Quiz Quest" */ = {
			isa = XCConfigurationList;
			buildConfigurations = (
				6E7FD7622A5725C900D942AE /* Debug */,
				6E7FD7632A5725C900D942AE /* Release */,
			);
			defaultConfigurationIsVisible = 0;
			defaultConfigurationName = Release;
		};
		6E7FD7642A5725C900D942AE /* Build configuration list for PBXNativeTarget "Quiz Quest" */ = {
			isa = XCConfigurationList;
			buildConfigurations = (
				6E7FD7652A5725C900D942AE /* Debug */,
				6E7FD7662A5725C900D942AE /* Release */,
			);
			defaultConfigurationIsVisible = 0;
			defaultConfigurationName = Release;
		};
/* End XCConfigurationList section */
	};
	rootObject = 6E7FD7482A5725C400D942AE /* Project object */;
}
